
Microsoft Visual Studio Solution File, Format Version 12.00
# Visual Studio 15
VisualStudioVersion = 15.0.28307.645
MinimumVisualStudioVersion = 10.0.40219.1
Project("{FAE04EC0-301F-11D3-BF4B-00C04F79EFBC}") = "SocketClient", "SocketClient\SocketClient.csproj", "{92E78386-EC0C-43FA-B730-B55F4B1FD4AE}"
EndProject
Project("{9A19103F-16F7-4668-BE54-9A1E7A4F7556}") = "SocketClientCore", "SocketClientCore\SocketClientCore.csproj", "{4682FFEB-B8D2-4C42-920A-9E8BD565DFBE}"
EndProject
Project("{FAE04EC0-301F-11D3-BF4B-00C04F79EFBC}") = "TcpClient", "TcpClient\TcpClient.csproj", "{92FACFC2-82A3-4622-8C01-C08DFE6586A3}"
EndProject
Project("{FAE04EC0-301F-11D3-BF4B-00C04F79EFBC}") = "WebSocketClient", "WebSocketClient\WebSocketClient.csproj", "{48250B36-8845-48C8-B1D1-D673D4DAFDCB}"
EndProject
Project("{FAE04EC0-301F-11D3-BF4B-00C04F79EFBC}") = "WpfForWebSocket", "WpfForWebSocket\WpfForWebSocket.csproj", "{11AC57FA-1728-498E-9885-235E2CC5AB76}"
EndProject
Global
	GlobalSection(SolutionConfigurationPlatforms) = preSolution
		Debug|Any CPU = Debug|Any CPU
		Release|Any CPU = Release|Any CPU
	EndGlobalSection
	GlobalSection(ProjectConfigurationPlatforms) = postSolution
		{92E78386-EC0C-43FA-B730-B55F4B1FD4AE}.Debug|Any CPU.ActiveCfg = Debug|Any CPU
		{92E78386-EC0C-43FA-B730-B55F4B1FD4AE}.Debug|Any CPU.Build.0 = Debug|Any CPU
		{92E78386-EC0C-43FA-B730-B55F4B1FD4AE}.Release|Any CPU.ActiveCfg = Release|Any CPU
		{92E78386-EC0C-43FA-B730-B55F4B1FD4AE}.Release|Any CPU.Build.0 = Release|Any CPU
		{4682FFEB-B8D2-4C42-920A-9E8BD565DFBE}.Debug|Any CPU.ActiveCfg = Debug|Any CPU
		{4682FFEB-B8D2-4C42-920A-9E8BD565DFBE}.Debug|Any CPU.Build.0 = Debug|Any CPU
		{4682FFEB-B8D2-4C42-920A-9E8BD565DFBE}.Release|Any CPU.ActiveCfg = Release|Any CPU
		{4682FFEB-B8D2-4C42-920A-9E8BD565DFBE}.Release|Any CPU.Build.0 = Release|Any CPU
		{92FACFC2-82A3-4622-8C01-C08DFE6586A3}.Debug|Any CPU.ActiveCfg = Debug|Any CPU
		{92FACFC2-82A3-4622-8C01-C08DFE6586A3}.Debug|Any CPU.Build.0 = Debug|Any CPU
		{92FACFC2-82A3-4622-8C01-C08DFE6586A3}.Release|Any CPU.ActiveCfg = Release|Any CPU
		{92FACFC2-82A3-4622-8C01-C08DFE6586A3}.Release|Any CPU.Build.0 = Release|Any CPU
		{48250B36-8845-48C8-B1D1-D673D4DAFDCB}.Debug|Any CPU.ActiveCfg = Debug|Any CPU
		{48250B36-8845-48C8-B1D1-D673D4DAFDCB}.Debug|Any CPU.Build.0 = Debug|Any CPU
		{48250B36-8845-48C8-B1D1-D673D4DAFDCB}.Release|Any CPU.ActiveCfg = Release|Any CPU
		{48250B36-8845-48C8-B1D1-D673D4DAFDCB}.Release|Any CPU.Build.0 = Release|Any CPU
		{11AC57FA-1728-498E-9885-235E2CC5AB76}.Debug|Any CPU.ActiveCfg = Debug|Any CPU
		{11AC57FA-1728-498E-9885-235E2CC5AB76}.Debug|Any CPU.Build.0 = Debug|Any CPU
		{11AC57FA-1728-498E-9885-235E2CC5AB76}.Release|Any CPU.ActiveCfg = Release|Any CPU
		{11AC57FA-1728-498E-9885-235E2CC5AB76}.Release|Any CPU.Build.0 = Release|Any CPU
	EndGlobalSection
	GlobalSection(SolutionProperties) = preSolution
		HideSolutionNode = FALSE
	EndGlobalSection
	GlobalSection(ExtensibilityGlobals) = postSolution
		SolutionGuid = {F3A455CC-B66C-428C-B017-987B28D288C3}
	EndGlobalSection
EndGlobal
